
Microsoft Visual Studio Solution File, Format Version 12.00
# Visual Studio Version 16
VisualStudioVersion = 16.0.30114.105
MinimumVisualStudioVersion = 15.0.26124.0
Project("{9A19103F-16F7-4668-BE54-9A1E7A4F7556}") = "bpmist.webapi", "bpmist.webapi\bpmist.webapi.csproj", "{71AB4C76-F759-4D52-8941-FFE41CD0E7CF}"
EndProject
Project("{9A19103F-16F7-4668-BE54-9A1E7A4F7556}") = "bpmist.core", "bpmist.core\bpmist.core.csproj", "{48D1FC4C-1384-4620-B645-CAA4D969B1F4}"
EndProject
Project("{9A19103F-16F7-4668-BE54-9A1E7A4F7556}") = "bpmist.firestore", "bpmist.firestore\bpmist.firestore.csproj", "{9B08EA7B-29AD-4112-B6B5-0AD3EC859BD3}"
EndProject
Project("{9A19103F-16F7-4668-BE54-9A1E7A4F7556}") = "bpmist.data", "bpmist.data\bpmist.data.csproj", "{3ACE9F3B-D0A8-4CA8-ADF7-F8C2247CEC05}"
EndProject
Project("{9A19103F-16F7-4668-BE54-9A1E7A4F7556}") = "bpmist.common", "bpmist.common\bpmist.common.csproj", "{EDA6A89A-0440-4302-AE6E-2D18E086258F}"
EndProject
Project("{9A19103F-16F7-4668-BE54-9A1E7A4F7556}") = "bpmist.business", "bpmist.business\bpmist.business.csproj", "{97E66302-000E-44B7-99E1-CE487D505AB1}"
EndProject
Project("{2150E333-8FDC-42A3-9474-1A3956D46DE8}") = "Solution Items", "Solution Items", "{C59CB989-5983-4514-9D7D-6F0A23269343}"
	ProjectSection(SolutionItems) = preProject
		.editorconfig = .editorconfig
	EndProjectSection
EndProject
Project("{FAE04EC0-301F-11D3-BF4B-00C04F79EFBC}") = "bpmist.javascript", "bpmist.javascript\bpmist.javascript.csproj", "{738B2E93-0029-4E13-A99C-60D7129BEF9A}"
EndProject
Global
	GlobalSection(SolutionConfigurationPlatforms) = preSolution
		Debug|Any CPU = Debug|Any CPU
		Debug|x64 = Debug|x64
		Debug|x86 = Debug|x86
		Release|Any CPU = Release|Any CPU
		Release|x64 = Release|x64
		Release|x86 = Release|x86
	EndGlobalSection
	GlobalSection(ProjectConfigurationPlatforms) = postSolution
		{71AB4C76-F759-4D52-8941-FFE41CD0E7CF}.Debug|Any CPU.ActiveCfg = Debug|Any CPU
		{71AB4C76-F759-4D52-8941-FFE41CD0E7CF}.Debug|Any CPU.Build.0 = Debug|Any CPU
		{71AB4C76-F759-4D52-8941-FFE41CD0E7CF}.Debug|x64.ActiveCfg = Debug|Any CPU
		{71AB4C76-F759-4D52-8941-FFE41CD0E7CF}.Debug|x64.Build.0 = Debug|Any CPU
		{71AB4C76-F759-4D52-8941-FFE41CD0E7CF}.Debug|x86.ActiveCfg = Debug|Any CPU
		{71AB4C76-F759-4D52-8941-FFE41CD0E7CF}.Debug|x86.Build.0 = Debug|Any CPU
		{71AB4C76-F759-4D52-8941-FFE41CD0E7CF}.Release|Any CPU.ActiveCfg = Release|Any CPU
		{71AB4C76-F759-4D52-8941-FFE41CD0E7CF}.Release|Any CPU.Build.0 = Release|Any CPU
		{71AB4C76-F759-4D52-8941-FFE41CD0E7CF}.Release|x64.ActiveCfg = Release|Any CPU
		{71AB4C76-F759-4D52-8941-FFE41CD0E7CF}.Release|x64.Build.0 = Release|Any CPU
		{71AB4C76-F759-4D52-8941-FFE41CD0E7CF}.Release|x86.ActiveCfg = Release|Any CPU
		{71AB4C76-F759-4D52-8941-FFE41CD0E7CF}.Release|x86.Build.0 = Release|Any CPU
		{48D1FC4C-1384-4620-B645-CAA4D969B1F4}.Debug|Any CPU.ActiveCfg = Debug|Any CPU
		{48D1FC4C-1384-4620-B645-CAA4D969B1F4}.Debug|Any CPU.Build.0 = Debug|Any CPU
		{48D1FC4C-1384-4620-B645-CAA4D969B1F4}.Debug|x64.ActiveCfg = Debug|Any CPU
		{48D1FC4C-1384-4620-B645-CAA4D969B1F4}.Debug|x64.Build.0 = Debug|Any CPU
		{48D1FC4C-1384-4620-B645-CAA4D969B1F4}.Debug|x86.ActiveCfg = Debug|Any CPU
		{48D1FC4C-1384-4620-B645-CAA4D969B1F4}.Debug|x86.Build.0 = Debug|Any CPU
		{48D1FC4C-1384-4620-B645-CAA4D969B1F4}.Release|Any CPU.ActiveCfg = Release|Any CPU
		{48D1FC4C-1384-4620-B645-CAA4D969B1F4}.Release|Any CPU.Build.0 = Release|Any CPU
		{48D1FC4C-1384-4620-B645-CAA4D969B1F4}.Release|x64.ActiveCfg = Release|Any CPU
		{48D1FC4C-1384-4620-B645-CAA4D969B1F4}.Release|x64.Build.0 = Release|Any CPU
		{48D1FC4C-1384-4620-B645-CAA4D969B1F4}.Release|x86.ActiveCfg = Release|Any CPU
		{48D1FC4C-1384-4620-B645-CAA4D969B1F4}.Release|x86.Build.0 = Release|Any CPU
		{9B08EA7B-29AD-4112-B6B5-0AD3EC859BD3}.Debug|Any CPU.ActiveCfg = Debug|Any CPU
		{9B08EA7B-29AD-4112-B6B5-0AD3EC859BD3}.Debug|Any CPU.Build.0 = Debug|Any CPU
		{9B08EA7B-29AD-4112-B6B5-0AD3EC859BD3}.Debug|x64.ActiveCfg = Debug|Any CPU
		{9B08EA7B-29AD-4112-B6B5-0AD3EC859BD3}.Debug|x64.Build.0 = Debug|Any CPU
		{9B08EA7B-29AD-4112-B6B5-0AD3EC859BD3}.Debug|x86.ActiveCfg = Debug|Any CPU
		{9B08EA7B-29AD-4112-B6B5-0AD3EC859BD3}.Debug|x86.Build.0 = Debug|Any CPU
		{9B08EA7B-29AD-4112-B6B5-0AD3EC859BD3}.Release|Any CPU.ActiveCfg = Release|Any CPU
		{9B08EA7B-29AD-4112-B6B5-0AD3EC859BD3}.Release|Any CPU.Build.0 = Release|Any CPU
		{9B08EA7B-29AD-4112-B6B5-0AD3EC859BD3}.Release|x64.ActiveCfg = Release|Any CPU
		{9B08EA7B-29AD-4112-B6B5-0AD3EC859BD3}.Release|x64.Build.0 = Release|Any CPU
		{9B08EA7B-29AD-4112-B6B5-0AD3EC859BD3}.Release|x86.ActiveCfg = Release|Any CPU
		{9B08EA7B-29AD-4112-B6B5-0AD3EC859BD3}.Release|x86.Build.0 = Release|Any CPU
		{3ACE9F3B-D0A8-4CA8-ADF7-F8C2247CEC05}.Debug|Any CPU.ActiveCfg = Debug|Any CPU
		{3ACE9F3B-D0A8-4CA8-ADF7-F8C2247CEC05}.Debug|Any CPU.Build.0 = Debug|Any CPU
		{3ACE9F3B-D0A8-4CA8-ADF7-F8C2247CEC05}.Debug|x64.ActiveCfg = Debug|Any CPU
		{3ACE9F3B-D0A8-4CA8-ADF7-F8C2247CEC05}.Debug|x64.Build.0 = Debug|Any CPU
		{3ACE9F3B-D0A8-4CA8-ADF7-F8C2247CEC05}.Debug|x86.ActiveCfg = Debug|Any CPU
		{3ACE9F3B-D0A8-4CA8-ADF7-F8C2247CEC05}.Debug|x86.Build.0 = Debug|Any CPU
		{3ACE9F3B-D0A8-4CA8-ADF7-F8C2247CEC05}.Release|Any CPU.ActiveCfg = Release|Any CPU
		{3ACE9F3B-D0A8-4CA8-ADF7-F8C2247CEC05}.Release|Any CPU.Build.0 = Release|Any CPU
		{3ACE9F3B-D0A8-4CA8-ADF7-F8C2247CEC05}.Release|x64.ActiveCfg = Release|Any CPU
		{3ACE9F3B-D0A8-4CA8-ADF7-F8C2247CEC05}.Release|x64.Build.0 = Release|Any CPU
		{3ACE9F3B-D0A8-4CA8-ADF7-F8C2247CEC05}.Release|x86.ActiveCfg = Release|Any CPU
		{3ACE9F3B-D0A8-4CA8-ADF7-F8C2247CEC05}.Release|x86.Build.0 = Release|Any CPU
		{EDA6A89A-0440-4302-AE6E-2D18E086258F}.Debug|Any CPU.ActiveCfg = Debug|Any CPU
		{EDA6A89A-0440-4302-AE6E-2D18E086258F}.Debug|Any CPU.Build.0 = Debug|Any CPU
		{EDA6A89A-0440-4302-AE6E-2D18E086258F}.Debug|x64.ActiveCfg = Debug|Any CPU
		{EDA6A89A-0440-4302-AE6E-2D18E086258F}.Debug|x64.Build.0 = Debug|Any CPU
		{EDA6A89A-0440-4302-AE6E-2D18E086258F}.Debug|x86.ActiveCfg = Debug|Any CPU
		{EDA6A89A-0440-4302-AE6E-2D18E086258F}.Debug|x86.Build.0 = Debug|Any CPU
		{EDA6A89A-0440-4302-AE6E-2D18E086258F}.Release|Any CPU.ActiveCfg = Release|Any CPU
		{EDA6A89A-0440-4302-AE6E-2D18E086258F}.Release|Any CPU.Build.0 = Release|Any CPU
		{EDA6A89A-0440-4302-AE6E-2D18E086258F}.Release|x64.ActiveCfg = Release|Any CPU
		{EDA6A89A-0440-4302-AE6E-2D18E086258F}.Release|x64.Build.0 = Release|Any CPU
		{EDA6A89A-0440-4302-AE6E-2D18E086258F}.Release|x86.ActiveCfg = Release|Any CPU
		{EDA6A89A-0440-4302-AE6E-2D18E086258F}.Release|x86.Build.0 = Release|Any CPU
		{97E66302-000E-44B7-99E1-CE487D505AB1}.Debug|Any CPU.ActiveCfg = Debug|Any CPU
		{97E66302-000E-44B7-99E1-CE487D505AB1}.Debug|Any CPU.Build.0 = Debug|Any CPU
		{97E66302-000E-44B7-99E1-CE487D505AB1}.Debug|x64.ActiveCfg = Debug|Any CPU
		{97E66302-000E-44B7-99E1-CE487D505AB1}.Debug|x64.Build.0 = Debug|Any CPU
		{97E66302-000E-44B7-99E1-CE487D505AB1}.Debug|x86.ActiveCfg = Debug|Any CPU
		{97E66302-000E-44B7-99E1-CE487D505AB1}.Debug|x86.Build.0 = Debug|Any CPU
		{97E66302-000E-44B7-99E1-CE487D505AB1}.Release|Any CPU.ActiveCfg = Release|Any CPU
		{97E66302-000E-44B7-99E1-CE487D505AB1}.Release|Any CPU.Build.0 = Release|Any CPU
		{97E66302-000E-44B7-99E1-CE487D505AB1}.Release|x64.ActiveCfg = Release|Any CPU
		{97E66302-000E-44B7-99E1-CE487D505AB1}.Release|x64.Build.0 = Release|Any CPU
		{97E66302-000E-44B7-99E1-CE487D505AB1}.Release|x86.ActiveCfg = Release|Any CPU
		{97E66302-000E-44B7-99E1-CE487D505AB1}.Release|x86.Build.0 = Release|Any CPU
		{738B2E93-0029-4E13-A99C-60D7129BEF9A}.Debug|Any CPU.ActiveCfg = Debug|Any CPU
		{738B2E93-0029-4E13-A99C-60D7129BEF9A}.Debug|Any CPU.Build.0 = Debug|Any CPU
		{738B2E93-0029-4E13-A99C-60D7129BEF9A}.Debug|x64.ActiveCfg = Debug|Any CPU
		{738B2E93-0029-4E13-A99C-60D7129BEF9A}.Debug|x64.Build.0 = Debug|Any CPU
		{738B2E93-0029-4E13-A99C-60D7129BEF9A}.Debug|x86.ActiveCfg = Debug|Any CPU
		{738B2E93-0029-4E13-A99C-60D7129BEF9A}.Debug|x86.Build.0 = Debug|Any CPU
		{738B2E93-0029-4E13-A99C-60D7129BEF9A}.Release|Any CPU.ActiveCfg = Release|Any CPU
		{738B2E93-0029-4E13-A99C-60D7129BEF9A}.Release|Any CPU.Build.0 = Release|Any CPU
		{738B2E93-0029-4E13-A99C-60D7129BEF9A}.Release|x64.ActiveCfg = Release|Any CPU
		{738B2E93-0029-4E13-A99C-60D7129BEF9A}.Release|x64.Build.0 = Release|Any CPU
		{738B2E93-0029-4E13-A99C-60D7129BEF9A}.Release|x86.ActiveCfg = Release|Any CPU
		{738B2E93-0029-4E13-A99C-60D7129BEF9A}.Release|x86.Build.0 = Release|Any CPU
	EndGlobalSection
	GlobalSection(SolutionProperties) = preSolution
		HideSolutionNode = FALSE
	EndGlobalSection
	GlobalSection(ExtensibilityGlobals) = postSolution
		SolutionGuid = {F40C75C3-925C-41A1-9BDA-F9731EDA49B2}
	EndGlobalSection
EndGlobal
